PODS:
  - AFNetworking (3.1.0):
    - AFNetworking/NSURLSession (= 3.1.0)
    - AFNetworking/Reachability (= 3.1.0)
    - AFNetworking/Security (= 3.1.0)
    - AFNetworking/Serialization (= 3.1.0)
    - AFNetworking/UIKit (= 3.1.0)
  - AFNetworking/NSURLSession (3.1.0):
    - AFNetworking/Reachability
    - AFNetworking/Security
    - AFNetworking/Serialization
  - AFNetworking/Reachability (3.1.0)
  - AFNetworking/Security (3.1.0)
  - AFNetworking/Serialization (3.1.0)
  - AFNetworking/UIKit (3.1.0):
    - AFNetworking/NSURLSession
  - BaiduMapKit (3.4.4)
  - boost-for-react-native (1.63.0)
  - CocoaLumberjack (3.5.2):
    - CocoaLumberjack/Core (= 3.5.2)
  - CocoaLumberjack/Core (3.5.2)
  - DateTools (2.0.0)
  - DoubleConversion (1.1.6)
  - FMDB (2.7.5):
    - FMDB/standard (= 2.7.5)
  - FMDB/standard (2.7.5)
  - Folly (2018.10.22.00):
    - boost-for-react-native
    - DoubleConversion
    - glog
  - glog (0.3.5)
  - IQKeyboardManager (6.2.0)
  - Masonry (1.1.0)
  - MBProgressHUD (1.1.0)
  - MJRefresh (3.1.15.7)
  - React (0.59.5):
    - React/Core (= 0.59.5)
  - react-native-baidumap-sdk (0.6.0):
    - BaiduMapKit (~> 3.4.0)
    - React
  - React/Core (0.59.5):
    - yoga (= 0.59.5.React)
  - React/CxxBridge (0.59.5):
    - Folly (= 2018.10.22.00)
    - React/Core
    - React/cxxreact
    - React/jsiexecutor
  - React/cxxreact (0.59.5):
    - boost-for-react-native (= 1.63.0)
    - DoubleConversion
    - Folly (= 2018.10.22.00)
    - glog
    - React/jsinspector
  - React/DevSupport (0.59.5):
    - React/Core
    - React/RCTWebSocket
  - React/fishhook (0.59.5)
  - React/jsi (0.59.5):
    - DoubleConversion
    - Folly (= 2018.10.22.00)
    - glog
  - React/jsiexecutor (0.59.5):
    - DoubleConversion
    - Folly (= 2018.10.22.00)
    - glog
    - React/cxxreact
    - React/jsi
  - React/jsinspector (0.59.5)
  - React/RCTBlob (0.59.5):
    - React/Core
  - React/RCTNetwork (0.59.5):
    - React/Core
  - React/RCTText (0.59.5):
    - React/Core
  - React/RCTWebSocket (0.59.5):
    - React/Core
    - React/fishhook
    - React/RCTBlob
  - SDWebImage (4.3.3):
    - SDWebImage/Core (= 4.3.3)
  - SDWebImage/Core (4.3.3)
  - SGImageBrowser (1.0.5):
    - MBProgressHUD (~> 1.1.0)
    - SDWebImage (~> 4.3.0)
  - Toast (4.0.0)
  - yoga (0.59.5.React)
  - YTKNetwork (2.0.4):
    - AFNetworking (~> 3.0)
  - YYKit (1.0.9):
    - YYKit/no-arc (= 1.0.9)
  - YYKit/no-arc (1.0.9)

DEPENDENCIES:
  - AFNetworking (~> 3.1.0)
  - CocoaLumberjack
  - DateTools
  - DoubleConversion (from `../node_modules/react-native/third-party-podspecs/DoubleConversion.podspec`)
  - FMDB
  - Folly (from `../node_modules/react-native/third-party-podspecs/Folly.podspec`)
  - glog (from `../node_modules/react-native/third-party-podspecs/glog.podspec`)
  - IQKeyboardManager
  - Masonry
  - MBProgressHUD (~> 1.1.0)
  - MJRefresh
  - react-native-baidumap-sdk (from `../node_modules/react-native-baidumap-sdk/lib/ios`)
  - React/Core (from `../node_modules/react-native`)
  - React/CxxBridge (from `../node_modules/react-native`)
  - React/DevSupport (from `../node_modules/react-native`)
  - React/RCTNetwork (from `../node_modules/react-native`)
  - React/RCTText (from `../node_modules/react-native`)
  - React/RCTWebSocket (from `../node_modules/react-native`)
  - SDWebImage
  - SGImageBrowser
  - Toast
  - yoga (from `../node_modules/react-native/ReactCommon/yoga`)
  - YTKNetwork
  - YYKit

SPEC REPOS:
  https://github.com/cocoapods/specs.git:
    - AFNetworking
    - BaiduMapKit
    - boost-for-react-native
    - CocoaLumberjack
    - DateTools
    - FMDB
    - IQKeyboardManager
    - Masonry
    - MBProgressHUD
    - MJRefresh
    - SDWebImage
    - SGImageBrowser
    - Toast
    - YTKNetwork
    - YYKit

EXTERNAL SOURCES:
  DoubleConversion:
    :podspec: "../node_modules/react-native/third-party-podspecs/DoubleConversion.podspec"
  Folly:
    :podspec: "../node_modules/react-native/third-party-podspecs/Folly.podspec"
  glog:
    :podspec: "../node_modules/react-native/third-party-podspecs/glog.podspec"
  React:
    :path: "../node_modules/react-native"
  react-native-baidumap-sdk:
    :path: "../node_modules/react-native-baidumap-sdk/lib/ios"
  yoga:
    :path: "../node_modules/react-native/ReactCommon/yoga"

SPEC CHECKSUMS:
  AFNetworking: 5e0e199f73d8626b11e79750991f5d173d1f8b67
  BaiduMapKit: 4ac88f5a363500760392825b69709f4a0125f81e
  boost-for-react-native: 39c7adb57c4e60d6c5479dd8623128eb5b3f0f2c
  CocoaLumberjack: 118bf4a820efc641f79fa487b75ed928dccfae23
  DateTools: 933ac9c490f21f92127cf690ccd8c397e0126caf
  DoubleConversion: bb338842f62ab1d708ceb63ec3d999f0f3d98ecd
  FMDB: 2ce00b547f966261cd18927a3ddb07cb6f3db82a
  Folly: de497beb10f102453a1afa9edbf8cf8a251890de
  glog: aefd1eb5dda2ab95ba0938556f34b98e2da3a60d
  IQKeyboardManager: 6194101620b73af5e67900b8f89707a99de0b804
  Masonry: 678fab65091a9290e40e2832a55e7ab731aad201
  MBProgressHUD: e7baa36a220447d8aeb12769bf0585582f3866d9
  MJRefresh: 697f8ec75ebdbe9207767bb682cf0f51b0d8a41f
  React: 1d605e098d69bdf08960787f3446f0a9dc2e2ccf
  react-native-baidumap-sdk: f2987dd422251c11c8486a52a0d0232a10a24f3c
  SDWebImage: de4d90b5bff3571eae7bd16202b1f43135409fa5
  SGImageBrowser: 520af6b3d299b16d23647427fd12585a16dd8a2e
  Toast: 91b396c56ee72a5790816f40d3a94dd357abc196
  yoga: 128daf064cacaede0c3bb27424b6b4c71052e6cd
  YTKNetwork: df8a7a5597bda1664a4efaa7ef871a818a887fe0
  YYKit: 7cda43304a8dc3696c449041e2cb3107b4e236e7

PODFILE CHECKSUM: f20aaa4614f3506ec00b4f9210ec45c5d2eb2376

COCOAPODS: 1.5.2
